
Microsoft Visual Studio Solution File, Format Version 12.00
# Visual Studio Version 16
VisualStudioVersion = 16.0.31702.278
MinimumVisualStudioVersion = 10.0.40219.1
Project("{FAE04EC0-301F-11D3-BF4B-00C04F79EFBC}") = "Laboratorka3", "Laboratorka3\Laboratorka3.csproj", "{81952DAE-B08C-4B10-8714-C6FC802B845B}"
EndProject
Global
	GlobalSection(SolutionConfigurationPlatforms) = preSolution
		Debug|Any CPU = Debug|Any CPU
		Release|Any CPU = Release|Any CPU
	EndGlobalSection
	GlobalSection(ProjectConfigurationPlatforms) = postSolution
		{81952DAE-B08C-4B10-8714-C6FC802B845B}.Debug|Any CPU.ActiveCfg = Debug|Any CPU
		{81952DAE-B08C-4B10-8714-C6FC802B845B}.Debug|Any CPU.Build.0 = Debug|Any CPU
		{81952DAE-B08C-4B10-8714-C6FC802B845B}.Release|Any CPU.ActiveCfg = Release|Any CPU
		{81952DAE-B08C-4B10-8714-C6FC802B845B}.Release|Any CPU.Build.0 = Release|Any CPU
	EndGlobalSection
	GlobalSection(SolutionProperties) = preSolution
		HideSolutionNode = FALSE
	EndGlobalSection
	GlobalSection(ExtensibilityGlobals) = postSolution
		SolutionGuid = {AA693E40-12A0-4AD8-9A55-271EABCEBC6D}
	EndGlobalSection
EndGlobal
